
Microsoft Visual Studio Solution File, Format Version 12.00
# Visual Studio 15
VisualStudioVersion = 15.0.27130.2010
MinimumVisualStudioVersion = 10.0.40219.1
Project("{FAE04EC0-301F-11D3-BF4B-00C04F79EFBC}") = "Architecture", "Architecture\Architecture.csproj", "{3D3E7C7F-2D15-4EAC-8F20-12F1ECD38ECA}"
EndProject
Global
	GlobalSection(SolutionConfigurationPlatforms) = preSolution
		Debug|Any CPU = Debug|Any CPU
		Release|Any CPU = Release|Any CPU
	EndGlobalSection
	GlobalSection(ProjectConfigurationPlatforms) = postSolution
		{3D3E7C7F-2D15-4EAC-8F20-12F1ECD38ECA}.Debug|Any CPU.ActiveCfg = Debug|Any CPU
		{3D3E7C7F-2D15-4EAC-8F20-12F1ECD38ECA}.Debug|Any CPU.Build.0 = Debug|Any CPU
		{3D3E7C7F-2D15-4EAC-8F20-12F1ECD38ECA}.Release|Any CPU.ActiveCfg = Release|Any CPU
		{3D3E7C7F-2D15-4EAC-8F20-12F1ECD38ECA}.Release|Any CPU.Build.0 = Release|Any CPU
	EndGlobalSection
	GlobalSection(SolutionProperties) = preSolution
		HideSolutionNode = FALSE
	EndGlobalSection
	GlobalSection(ExtensibilityGlobals) = postSolution
		SolutionGuid = {00B19DC8-94F4-4731-914D-5D49803FF1CB}
	EndGlobalSection
EndGlobal
